
Microsoft Visual Studio Solution File, Format Version 12.00
# Visual Studio 15
VisualStudioVersion = 15.0.27130.2010
MinimumVisualStudioVersion = 10.0.40219.1
Project("{FAE04EC0-301F-11D3-BF4B-00C04F79EFBC}") = "UpdateToGraphVSIX", "UpdateToGraphVSIX\UpdateToGraphVSIX.csproj", "{B25B402B-3EE5-4A9E-9F92-35C55D8C95DE}"
EndProject
Global
	GlobalSection(SolutionConfigurationPlatforms) = preSolution
		Debug|Any CPU = Debug|Any CPU
		Release|Any CPU = Release|Any CPU
	EndGlobalSection
	GlobalSection(ProjectConfigurationPlatforms) = postSolution
		{B25B402B-3EE5-4A9E-9F92-35C55D8C95DE}.Debug|Any CPU.ActiveCfg = Debug|Any CPU
		{B25B402B-3EE5-4A9E-9F92-35C55D8C95DE}.Debug|Any CPU.Build.0 = Debug|Any CPU
		{B25B402B-3EE5-4A9E-9F92-35C55D8C95DE}.Release|Any CPU.ActiveCfg = Release|Any CPU
		{B25B402B-3EE5-4A9E-9F92-35C55D8C95DE}.Release|Any CPU.Build.0 = Release|Any CPU
	EndGlobalSection
	GlobalSection(SolutionProperties) = preSolution
		HideSolutionNode = FALSE
	EndGlobalSection
	GlobalSection(ExtensibilityGlobals) = postSolution
		SolutionGuid = {73ACC224-B2D1-45B7-B7C9-D328E502C0E2}
	EndGlobalSection
EndGlobal
